
Microsoft Visual Studio Solution File, Format Version 12.00
# Visual Studio Version 17
VisualStudioVersion = 17.2.32519.379
MinimumVisualStudioVersion = 10.0.40219.1
Project("{2150E333-8FDC-42A3-9474-1A3956D46DE8}") = "src", "src", "{3FD1D81B-DBFD-46C9-B821-BF41E696D223}"
EndProject
Project("{2150E333-8FDC-42A3-9474-1A3956D46DE8}") = "test", "test", "{356F8B28-2170-4B38-97A7-C0735014FD98}"
EndProject
Project("{9A19103F-16F7-4668-BE54-9A1E7A4F7556}") = "FirmaXadesNetCore", "src\FirmaXadesNetCore\FirmaXadesNetCore.csproj", "{D6BF5312-2023-4672-8E74-18B47A181A2E}"
EndProject
Project("{2150E333-8FDC-42A3-9474-1A3956D46DE8}") = "Solution Items", "Solution Items", "{316E9E78-AB1A-4CA8-854E-3AEAB5BEFCFB}"
	ProjectSection(SolutionItems) = preProject
		.editorconfig = .editorconfig
		.gitattributes = .gitattributes
		.gitignore = .gitignore
		Directory.Build.props = Directory.Build.props
		Directory.Build.targets = Directory.Build.targets
		global.json = global.json
		README.md = README.md
	EndProjectSection
EndProject
Project("{9A19103F-16F7-4668-BE54-9A1E7A4F7556}") = "FirmaXadesNetCore.Tests", "test\FirmaXadesNetCore.Tests\FirmaXadesNetCore.Tests.csproj", "{DEB907BB-54CD-40F7-8609-E5A279B48098}"
EndProject
Project("{2150E333-8FDC-42A3-9474-1A3956D46DE8}") = ".github", ".github", "{549E3378-92A0-465E-A084-7B41F652AA29}"
EndProject
Project("{2150E333-8FDC-42A3-9474-1A3956D46DE8}") = "workflows", "workflows", "{070DE525-7241-47F2-997D-F0F428F757AD}"
	ProjectSection(SolutionItems) = preProject
		.github\workflows\dotnetcore.yml = .github\workflows\dotnetcore.yml
	EndProjectSection
EndProject
Global
	GlobalSection(SolutionConfigurationPlatforms) = preSolution
		Debug|Any CPU = Debug|Any CPU
		Release|Any CPU = Release|Any CPU
	EndGlobalSection
	GlobalSection(ProjectConfigurationPlatforms) = postSolution
		{D6BF5312-2023-4672-8E74-18B47A181A2E}.Debug|Any CPU.ActiveCfg = Debug|Any CPU
		{D6BF5312-2023-4672-8E74-18B47A181A2E}.Debug|Any CPU.Build.0 = Debug|Any CPU
		{D6BF5312-2023-4672-8E74-18B47A181A2E}.Release|Any CPU.ActiveCfg = Release|Any CPU
		{D6BF5312-2023-4672-8E74-18B47A181A2E}.Release|Any CPU.Build.0 = Release|Any CPU
		{DEB907BB-54CD-40F7-8609-E5A279B48098}.Debug|Any CPU.ActiveCfg = Debug|Any CPU
		{DEB907BB-54CD-40F7-8609-E5A279B48098}.Debug|Any CPU.Build.0 = Debug|Any CPU
		{DEB907BB-54CD-40F7-8609-E5A279B48098}.Release|Any CPU.ActiveCfg = Release|Any CPU
		{DEB907BB-54CD-40F7-8609-E5A279B48098}.Release|Any CPU.Build.0 = Release|Any CPU
	EndGlobalSection
	GlobalSection(SolutionProperties) = preSolution
		HideSolutionNode = FALSE
	EndGlobalSection
	GlobalSection(NestedProjects) = preSolution
		{D6BF5312-2023-4672-8E74-18B47A181A2E} = {3FD1D81B-DBFD-46C9-B821-BF41E696D223}
		{DEB907BB-54CD-40F7-8609-E5A279B48098} = {356F8B28-2170-4B38-97A7-C0735014FD98}
		{070DE525-7241-47F2-997D-F0F428F757AD} = {549E3378-92A0-465E-A084-7B41F652AA29}
	EndGlobalSection
	GlobalSection(ExtensibilityGlobals) = postSolution
		SolutionGuid = {72E8FDFE-4BBB-4BD7-B015-C6F81673EB20}
	EndGlobalSection
EndGlobal
